
Microsoft Visual Studio Solution File, Format Version 12.00
# Visual Studio Version 17
VisualStudioVersion = 17.4.33213.308
MinimumVisualStudioVersion = 10.0.40219.1
Project("{FAE04EC0-301F-11D3-BF4B-00C04F79EFBC}") = "Lottery_Projeect", "Lottery_Projeect\Lottery_Projeect.csproj", "{CC0CDA76-B431-4809-9CB2-27F8D315B29D}"
EndProject
Global
	GlobalSection(SolutionConfigurationPlatforms) = preSolution
		Debug|Any CPU = Debug|Any CPU
		Release|Any CPU = Release|Any CPU
	EndGlobalSection
	GlobalSection(ProjectConfigurationPlatforms) = postSolution
		{CC0CDA76-B431-4809-9CB2-27F8D315B29D}.Debug|Any CPU.ActiveCfg = Debug|Any CPU
		{CC0CDA76-B431-4809-9CB2-27F8D315B29D}.Debug|Any CPU.Build.0 = Debug|Any CPU
		{CC0CDA76-B431-4809-9CB2-27F8D315B29D}.Release|Any CPU.ActiveCfg = Release|Any CPU
		{CC0CDA76-B431-4809-9CB2-27F8D315B29D}.Release|Any CPU.Build.0 = Release|Any CPU
	EndGlobalSection
	GlobalSection(SolutionProperties) = preSolution
		HideSolutionNode = FALSE
	EndGlobalSection
	GlobalSection(ExtensibilityGlobals) = postSolution
		SolutionGuid = {F5F9E246-4C95-4D64-A34C-C7BC0B5D096B}
	EndGlobalSection
EndGlobal
